<?xml version="1.0" encoding="utf-8"?>
<Project ToolsVersion="4.0" xmlns="http://schemas.microsoft.com/developer/msbuild/2003">
  <ItemGroup>
    <Filter Include="源文件">
      <UniqueIdentifier>{4FC737F1-C7A5-4376-A066-2A32D752A2FF}</UniqueIdentifier>
      <Extensions>cpp;c;cc;cxx;def;odl;idl;hpj;bat;asm;asmx</Extensions>
    </Filter>
    <Filter Include="头文件">
      <UniqueIdentifier>{93995380-89BD-4b04-88EB-625FBE52EBFB}</UniqueIdentifier>
      <Extensions>h;hh;hpp;hxx;hm;inl;inc;xsd</Extensions>
    </Filter>
    <Filter Include="资源文件">
      <UniqueIdentifier>{67DA6AB6-F800-4c08-8B7A-83BB121AAD01}</UniqueIdentifier>
      <Extensions>rc;ico;cur;bmp;dlg;rc2;rct;bin;rgs;gif;jpg;jpeg;jpe;resx;tiff;tif;png;wav;mfcribbon-ms</Extensions>
    </Filter>
    <Filter Include="Common">
      <UniqueIdentifier>{34af222a-5d2f-4e04-bc93-aa00bc5b1cee}</UniqueIdentifier>
    </Filter>
    <Filter Include="nomodule">
      <UniqueIdentifier>{840967e4-7c8a-4fbd-bd7a-b1da6458df05}</UniqueIdentifier>
    </Filter>
    <Filter Include="macro">
      <UniqueIdentifier>{fa358077-d260-4466-bfb5-504ac9dce695}</UniqueIdentifier>
    </Filter>
    <Filter Include="luatinker">
      <UniqueIdentifier>{cd7b0eed-0eca-4be2-8121-6b93b9615c7c}</UniqueIdentifier>
    </Filter>
    <Filter Include="lua功能">
      <UniqueIdentifier>{5918c080-a7b0-40cb-a4c1-41c96a01d3b1}</UniqueIdentifier>
    </Filter>
    <Filter Include="disasm">
      <UniqueIdentifier>{a86e79c6-3c23-49cd-91c6-dfc1f6c94326}</UniqueIdentifier>
    </Filter>
  </ItemGroup>
  <ItemGroup>
    <Text Include="ReadMe.txt" />
  </ItemGroup>
  <ItemGroup>
    <ClInclude Include="Verify.h">
      <Filter>头文件</Filter>
    </ClInclude>
    <ClInclude Include="VerifyDlg.h">
      <Filter>头文件</Filter>
    </ClInclude>
    <ClInclude Include="stdafx.h">
      <Filter>头文件</Filter>
    </ClInclude>
    <ClInclude Include="targetver.h">
      <Filter>头文件</Filter>
    </ClInclude>
    <ClInclude Include="Resource.h">
      <Filter>头文件</Filter>
    </ClInclude>
    <ClInclude Include="Common.h">
      <Filter>Common</Filter>
    </ClInclude>
    <ClInclude Include="nomodule\LoadPE.h">
      <Filter>nomodule</Filter>
    </ClInclude>
    <ClInclude Include="nomodule\MemoryModule.h">
      <Filter>nomodule</Filter>
    </ClInclude>
    <ClInclude Include="macro\macro.h">
      <Filter>macro</Filter>
    </ClInclude>
    <ClInclude Include="luatinker\lua_tinker.h">
      <Filter>luatinker</Filter>
    </ClInclude>
    <ClInclude Include="LuaFunction.h">
      <Filter>lua功能</Filter>
    </ClInclude>
  </ItemGroup>
  <ItemGroup>
    <ClCompile Include="Verify.cpp">
      <Filter>源文件</Filter>
    </ClCompile>
    <ClCompile Include="VerifyDlg.cpp">
      <Filter>源文件</Filter>
    </ClCompile>
    <ClCompile Include="stdafx.cpp">
      <Filter>源文件</Filter>
    </ClCompile>
    <ClCompile Include="Common.cpp">
      <Filter>Common</Filter>
    </ClCompile>
    <ClCompile Include="nomodule\MemoryModule.c">
      <Filter>nomodule</Filter>
    </ClCompile>
    <ClCompile Include="nomodule\LoadPE.cpp">
      <Filter>nomodule</Filter>
    </ClCompile>
    <ClCompile Include="macro\macro.cpp">
      <Filter>macro</Filter>
    </ClCompile>
    <ClCompile Include="luatinker\lua_tinker.cpp">
      <Filter>luatinker</Filter>
    </ClCompile>
    <ClCompile Include="LuaFunction.cpp">
      <Filter>lua功能</Filter>
    </ClCompile>
  </ItemGroup>
  <ItemGroup>
    <ResourceCompile Include="Verify.rc">
      <Filter>资源文件</Filter>
    </ResourceCompile>
  </ItemGroup>
  <ItemGroup>
    <None Include="res\Verify.rc2">
      <Filter>资源文件</Filter>
    </None>
  </ItemGroup>
  <ItemGroup>
    <Image Include="res\Verify.ico">
      <Filter>资源文件</Filter>
    </Image>
  </ItemGroup>
</Project>