
Microsoft Visual Studio Solution File, Format Version 12.00
# Visual Studio 14
VisualStudioVersion = 14.0.25420.1
MinimumVisualStudioVersion = 10.0.40219.1
Project("{8BC9CEB8-8B4A-11D0-8D11-00A0C91BC942}") = "TCPServer", "TCPServer\TCPServer.vcxproj", "{ABE4BC04-9DB5-4D4D-91BF-B9E0BE3EDAF9}"
EndProject
Project("{8BC9CEB8-8B4A-11D0-8D11-00A0C91BC942}") = "MFCClient", "MFCClient\MFCClient.vcxproj", "{5F95FF74-03A4-4BEA-9A82-C2495A854DED}"
EndProject
Project("{8BC9CEB8-8B4A-11D0-8D11-00A0C91BC942}") = "TCPClient", "TCPClient\TCPClient.vcxproj", "{627AD0FA-7D86-41DA-90BB-C80A497A4936}"
EndProject
Project("{2150E333-8FDC-42A3-9474-1A3956D46DE8}") = "UDP", "UDP", "{51DB0A5E-7DF4-4370-B778-AC71A2D95BCE}"
EndProject
Project("{8BC9CEB8-8B4A-11D0-8D11-00A0C91BC942}") = "udpClient", "udpClient\udpClient.vcxproj", "{C0B31960-F8ED-4E50-B72E-09F276A9AF5B}"
EndProject
Project("{8BC9CEB8-8B4A-11D0-8D11-00A0C91BC942}") = "MFCudpClient", "MFCudpClient\MFCudpClient.vcxproj", "{8B034173-7BF2-47BB-A8B5-15EB47779B03}"
EndProject
Project("{8BC9CEB8-8B4A-11D0-8D11-00A0C91BC942}") = "C_broadcast", "C_broadcast\C_broadcast.vcxproj", "{D5D689A5-766B-4B30-93A3-E54690F56943}"
EndProject
Project("{8BC9CEB8-8B4A-11D0-8D11-00A0C91BC942}") = "S_broadcast", "S_broadcast\S_broadcast.vcxproj", "{84C588A2-71FE-49D0-A005-C4D54F3D1DE0}"
EndProject
Global
	GlobalSection(SolutionConfigurationPlatforms) = preSolution
		Debug|x64 = Debug|x64
		Debug|x86 = Debug|x86
		Release|x64 = Release|x64
		Release|x86 = Release|x86
	EndGlobalSection
	GlobalSection(ProjectConfigurationPlatforms) = postSolution
		{ABE4BC04-9DB5-4D4D-91BF-B9E0BE3EDAF9}.Debug|x64.ActiveCfg = Debug|x64
		{ABE4BC04-9DB5-4D4D-91BF-B9E0BE3EDAF9}.Debug|x64.Build.0 = Debug|x64
		{ABE4BC04-9DB5-4D4D-91BF-B9E0BE3EDAF9}.Debug|x86.ActiveCfg = Debug|Win32
		{ABE4BC04-9DB5-4D4D-91BF-B9E0BE3EDAF9}.Debug|x86.Build.0 = Debug|Win32
		{ABE4BC04-9DB5-4D4D-91BF-B9E0BE3EDAF9}.Release|x64.ActiveCfg = Release|x64
		{ABE4BC04-9DB5-4D4D-91BF-B9E0BE3EDAF9}.Release|x64.Build.0 = Release|x64
		{ABE4BC04-9DB5-4D4D-91BF-B9E0BE3EDAF9}.Release|x86.ActiveCfg = Release|Win32
		{ABE4BC04-9DB5-4D4D-91BF-B9E0BE3EDAF9}.Release|x86.Build.0 = Release|Win32
		{5F95FF74-03A4-4BEA-9A82-C2495A854DED}.Debug|x64.ActiveCfg = Debug|x64
		{5F95FF74-03A4-4BEA-9A82-C2495A854DED}.Debug|x64.Build.0 = Debug|x64
		{5F95FF74-03A4-4BEA-9A82-C2495A854DED}.Debug|x86.ActiveCfg = Debug|Win32
		{5F95FF74-03A4-4BEA-9A82-C2495A854DED}.Debug|x86.Build.0 = Debug|Win32
		{5F95FF74-03A4-4BEA-9A82-C2495A854DED}.Release|x64.ActiveCfg = Release|x64
		{5F95FF74-03A4-4BEA-9A82-C2495A854DED}.Release|x64.Build.0 = Release|x64
		{5F95FF74-03A4-4BEA-9A82-C2495A854DED}.Release|x86.ActiveCfg = Release|Win32
		{5F95FF74-03A4-4BEA-9A82-C2495A854DED}.Release|x86.Build.0 = Release|Win32
		{627AD0FA-7D86-41DA-90BB-C80A497A4936}.Debug|x64.ActiveCfg = Debug|x64
		{627AD0FA-7D86-41DA-90BB-C80A497A4936}.Debug|x64.Build.0 = Debug|x64
		{627AD0FA-7D86-41DA-90BB-C80A497A4936}.Debug|x86.ActiveCfg = Debug|Win32
		{627AD0FA-7D86-41DA-90BB-C80A497A4936}.Debug|x86.Build.0 = Debug|Win32
		{627AD0FA-7D86-41DA-90BB-C80A497A4936}.Release|x64.ActiveCfg = Release|x64
		{627AD0FA-7D86-41DA-90BB-C80A497A4936}.Release|x64.Build.0 = Release|x64
		{627AD0FA-7D86-41DA-90BB-C80A497A4936}.Release|x86.ActiveCfg = Release|Win32
		{627AD0FA-7D86-41DA-90BB-C80A497A4936}.Release|x86.Build.0 = Release|Win32
		{C0B31960-F8ED-4E50-B72E-09F276A9AF5B}.Debug|x64.ActiveCfg = Debug|x64
		{C0B31960-F8ED-4E50-B72E-09F276A9AF5B}.Debug|x64.Build.0 = Debug|x64
		{C0B31960-F8ED-4E50-B72E-09F276A9AF5B}.Debug|x86.ActiveCfg = Debug|Win32
		{C0B31960-F8ED-4E50-B72E-09F276A9AF5B}.Debug|x86.Build.0 = Debug|Win32
		{C0B31960-F8ED-4E50-B72E-09F276A9AF5B}.Release|x64.ActiveCfg = Release|x64
		{C0B31960-F8ED-4E50-B72E-09F276A9AF5B}.Release|x64.Build.0 = Release|x64
		{C0B31960-F8ED-4E50-B72E-09F276A9AF5B}.Release|x86.ActiveCfg = Release|Win32
		{C0B31960-F8ED-4E50-B72E-09F276A9AF5B}.Release|x86.Build.0 = Release|Win32
		{8B034173-7BF2-47BB-A8B5-15EB47779B03}.Debug|x64.ActiveCfg = Debug|x64
		{8B034173-7BF2-47BB-A8B5-15EB47779B03}.Debug|x64.Build.0 = Debug|x64
		{8B034173-7BF2-47BB-A8B5-15EB47779B03}.Debug|x86.ActiveCfg = Debug|Win32
		{8B034173-7BF2-47BB-A8B5-15EB47779B03}.Debug|x86.Build.0 = Debug|Win32
		{8B034173-7BF2-47BB-A8B5-15EB47779B03}.Release|x64.ActiveCfg = Release|x64
		{8B034173-7BF2-47BB-A8B5-15EB47779B03}.Release|x64.Build.0 = Release|x64
		{8B034173-7BF2-47BB-A8B5-15EB47779B03}.Release|x86.ActiveCfg = Release|Win32
		{8B034173-7BF2-47BB-A8B5-15EB47779B03}.Release|x86.Build.0 = Release|Win32
		{D5D689A5-766B-4B30-93A3-E54690F56943}.Debug|x64.ActiveCfg = Debug|x64
		{D5D689A5-766B-4B30-93A3-E54690F56943}.Debug|x64.Build.0 = Debug|x64
		{D5D689A5-766B-4B30-93A3-E54690F56943}.Debug|x86.ActiveCfg = Debug|Win32
		{D5D689A5-766B-4B30-93A3-E54690F56943}.Debug|x86.Build.0 = Debug|Win32
		{D5D689A5-766B-4B30-93A3-E54690F56943}.Release|x64.ActiveCfg = Release|x64
		{D5D689A5-766B-4B30-93A3-E54690F56943}.Release|x64.Build.0 = Release|x64
		{D5D689A5-766B-4B30-93A3-E54690F56943}.Release|x86.ActiveCfg = Release|Win32
		{D5D689A5-766B-4B30-93A3-E54690F56943}.Release|x86.Build.0 = Release|Win32
		{84C588A2-71FE-49D0-A005-C4D54F3D1DE0}.Debug|x64.ActiveCfg = Debug|x64
		{84C588A2-71FE-49D0-A005-C4D54F3D1DE0}.Debug|x64.Build.0 = Debug|x64
		{84C588A2-71FE-49D0-A005-C4D54F3D1DE0}.Debug|x86.ActiveCfg = Debug|Win32
		{84C588A2-71FE-49D0-A005-C4D54F3D1DE0}.Debug|x86.Build.0 = Debug|Win32
		{84C588A2-71FE-49D0-A005-C4D54F3D1DE0}.Release|x64.ActiveCfg = Release|x64
		{84C588A2-71FE-49D0-A005-C4D54F3D1DE0}.Release|x64.Build.0 = Release|x64
		{84C588A2-71FE-49D0-A005-C4D54F3D1DE0}.Release|x86.ActiveCfg = Release|Win32
		{84C588A2-71FE-49D0-A005-C4D54F3D1DE0}.Release|x86.Build.0 = Release|Win32
	EndGlobalSection
	GlobalSection(SolutionProperties) = preSolution
		HideSolutionNode = FALSE
	EndGlobalSection
	GlobalSection(NestedProjects) = preSolution
		{C0B31960-F8ED-4E50-B72E-09F276A9AF5B} = {51DB0A5E-7DF4-4370-B778-AC71A2D95BCE}
		{8B034173-7BF2-47BB-A8B5-15EB47779B03} = {51DB0A5E-7DF4-4370-B778-AC71A2D95BCE}
		{D5D689A5-766B-4B30-93A3-E54690F56943} = {51DB0A5E-7DF4-4370-B778-AC71A2D95BCE}
		{84C588A2-71FE-49D0-A005-C4D54F3D1DE0} = {51DB0A5E-7DF4-4370-B778-AC71A2D95BCE}
	EndGlobalSection
EndGlobal
